{
  "name": "pandoc-wasm-example",
  "version": "1.0.0",
  "lockfileVersion": 3,
  "requires": true,
  "packages": {
    "": {
      "name": "pandoc-wasm-example",
      "version": "1.0.0",
      "dependencies": {
        "esbuild": "^0.19.11",
        "pandoc-wasm": "file:.."
      }
    },
    "..": {
      "version": "0.0.1",
      "license": "MIT",
      "devDependencies": {
        "@types/jest": "^29.5.11",
        "@types/js-yaml": "^4.0.9",
        "@types/node": "^20.11.5",
        "@types/pako": "^2.0.3",
        "@typescript-eslint/eslint-plugin": "^6.19.0",
        "comlink": "^4.4.1",
        "crc": "^4.3.2",
        "esbuild": "^0.19.11",
        "eslint": "^8.56.0",
        "eslint-plugin-jest": "^27.6.3",
        "http-server": "^14.1.1",
        "jest": "^29.7.0",
        "js-yaml": "^4.1.0",
        "pako": "^2.1.0",
        "tsx": "^4.7.0",
        "typescript": "^5.3.3"
      }
    },
    "node_modules/@esbuild/darwin-arm64": {
      "version": "0.19.11",
      "cpu": [
        "arm64"
      ],
      "license": "MIT",
      "optional": true,
      "os": [
        "darwin"
      ],
      "engines": {
        "node": ">=12"
      }
    },
    "node_modules/esbuild": {
      "version": "0.19.11",
      "hasInstallScript": true,
      "license": "MIT",
      "bin": {
        "esbuild": "bin/esbuild"
      },
      "engines": {
        "node": ">=12"
      },
      "optionalDependencies": {
        "@esbuild/aix-ppc64": "0.19.11",
        "@esbuild/android-arm": "0.19.11",
        "@esbuild/android-arm64": "0.19.11",
        "@esbuild/android-x64": "0.19.11",
        "@esbuild/darwin-arm64": "0.19.11",
        "@esbuild/darwin-x64": "0.19.11",
        "@esbuild/freebsd-arm64": "0.19.11",
        "@esbuild/freebsd-x64": "0.19.11",
        "@esbuild/linux-arm": "0.19.11",
        "@esbuild/linux-arm64": "0.19.11",
        "@esbuild/linux-ia32": "0.19.11",
        "@esbuild/linux-loong64": "0.19.11",
        "@esbuild/linux-mips64el": "0.19.11",
        "@esbuild/linux-ppc64": "0.19.11",
        "@esbuild/linux-riscv64": "0.19.11",
        "@esbuild/linux-s390x": "0.19.11",
        "@esbuild/linux-x64": "0.19.11",
        "@esbuild/netbsd-x64": "0.19.11",
        "@esbuild/openbsd-x64": "0.19.11",
        "@esbuild/sunos-x64": "0.19.11",
        "@esbuild/win32-arm64": "0.19.11",
        "@esbuild/win32-ia32": "0.19.11",
        "@esbuild/win32-x64": "0.19.11"
      }
    },
    "node_modules/pandoc-wasm": {
      "resolved": "..",
      "link": true
    }
  }
}
